
Microsoft Visual Studio Solution File, Format Version 12.00
# Visual Studio Version 17
VisualStudioVersion = 17.5.33424.131
MinimumVisualStudioVersion = 10.0.40219.1
Project("{9A19103F-16F7-4668-BE54-9A1E7A4F7556}") = "WebApi", "WepApi\WebApi.csproj", "{AC2FAFA5-8557-4314-87CA-A25892EA094B}"
EndProject
Project("{9A19103F-16F7-4668-BE54-9A1E7A4F7556}") = "Entities", "Entities\Entities.csproj", "{992DC588-9C96-466F-BC4E-785317ECCA7F}"
EndProject
Project("{9A19103F-16F7-4668-BE54-9A1E7A4F7556}") = "Repositories", "Repositories\Repositories.csproj", "{58BCE944-F6F1-4F60-BF62-1C97A16A9EFB}"
EndProject
Project("{9A19103F-16F7-4668-BE54-9A1E7A4F7556}") = "Services", "Services\Services.csproj", "{61C6009D-FBA9-4C9C-8062-9DD61D48934B}"
EndProject
Project("{9A19103F-16F7-4668-BE54-9A1E7A4F7556}") = "Presentation", "Presentation\Presentation.csproj", "{FA8B6A51-FE50-4363-87EE-4CAF366608EE}"
EndProject
Global
	GlobalSection(SolutionConfigurationPlatforms) = preSolution
		Debug|Any CPU = Debug|Any CPU
		Release|Any CPU = Release|Any CPU
	EndGlobalSection
	GlobalSection(ProjectConfigurationPlatforms) = postSolution
		{AC2FAFA5-8557-4314-87CA-A25892EA094B}.Debug|Any CPU.ActiveCfg = Debug|Any CPU
		{AC2FAFA5-8557-4314-87CA-A25892EA094B}.Debug|Any CPU.Build.0 = Debug|Any CPU
		{AC2FAFA5-8557-4314-87CA-A25892EA094B}.Release|Any CPU.ActiveCfg = Release|Any CPU
		{AC2FAFA5-8557-4314-87CA-A25892EA094B}.Release|Any CPU.Build.0 = Release|Any CPU
		{992DC588-9C96-466F-BC4E-785317ECCA7F}.Debug|Any CPU.ActiveCfg = Debug|Any CPU
		{992DC588-9C96-466F-BC4E-785317ECCA7F}.Debug|Any CPU.Build.0 = Debug|Any CPU
		{992DC588-9C96-466F-BC4E-785317ECCA7F}.Release|Any CPU.ActiveCfg = Release|Any CPU
		{992DC588-9C96-466F-BC4E-785317ECCA7F}.Release|Any CPU.Build.0 = Release|Any CPU
		{58BCE944-F6F1-4F60-BF62-1C97A16A9EFB}.Debug|Any CPU.ActiveCfg = Debug|Any CPU
		{58BCE944-F6F1-4F60-BF62-1C97A16A9EFB}.Debug|Any CPU.Build.0 = Debug|Any CPU
		{58BCE944-F6F1-4F60-BF62-1C97A16A9EFB}.Release|Any CPU.ActiveCfg = Release|Any CPU
		{58BCE944-F6F1-4F60-BF62-1C97A16A9EFB}.Release|Any CPU.Build.0 = Release|Any CPU
		{61C6009D-FBA9-4C9C-8062-9DD61D48934B}.Debug|Any CPU.ActiveCfg = Debug|Any CPU
		{61C6009D-FBA9-4C9C-8062-9DD61D48934B}.Debug|Any CPU.Build.0 = Debug|Any CPU
		{61C6009D-FBA9-4C9C-8062-9DD61D48934B}.Release|Any CPU.ActiveCfg = Release|Any CPU
		{61C6009D-FBA9-4C9C-8062-9DD61D48934B}.Release|Any CPU.Build.0 = Release|Any CPU
		{FA8B6A51-FE50-4363-87EE-4CAF366608EE}.Debug|Any CPU.ActiveCfg = Debug|Any CPU
		{FA8B6A51-FE50-4363-87EE-4CAF366608EE}.Debug|Any CPU.Build.0 = Debug|Any CPU
		{FA8B6A51-FE50-4363-87EE-4CAF366608EE}.Release|Any CPU.ActiveCfg = Release|Any CPU
		{FA8B6A51-FE50-4363-87EE-4CAF366608EE}.Release|Any CPU.Build.0 = Release|Any CPU
	EndGlobalSection
	GlobalSection(SolutionProperties) = preSolution
		HideSolutionNode = FALSE
	EndGlobalSection
	GlobalSection(ExtensibilityGlobals) = postSolution
		SolutionGuid = {6E822794-416F-45A4-9AF0-41DDE81819FC}
	EndGlobalSection
EndGlobal
